
Microsoft Visual Studio Solution File, Format Version 12.00
# Visual Studio Version 16
VisualStudioVersion = 16.0.31624.102
MinimumVisualStudioVersion = 10.0.40219.1
Project("{FAE04EC0-301F-11D3-BF4B-00C04F79EFBC}") = "Fred", "Fred\Fred.csproj", "{D30209F4-8313-42C7-994A-BB5A31734365}"
EndProject
Global
	GlobalSection(SolutionConfigurationPlatforms) = preSolution
		Debug|Any CPU = Debug|Any CPU
		Release|Any CPU = Release|Any CPU
	EndGlobalSection
	GlobalSection(ProjectConfigurationPlatforms) = postSolution
		{D30209F4-8313-42C7-994A-BB5A31734365}.Debug|Any CPU.ActiveCfg = Debug|Any CPU
		{D30209F4-8313-42C7-994A-BB5A31734365}.Debug|Any CPU.Build.0 = Debug|Any CPU
		{D30209F4-8313-42C7-994A-BB5A31734365}.Release|Any CPU.ActiveCfg = Release|Any CPU
		{D30209F4-8313-42C7-994A-BB5A31734365}.Release|Any CPU.Build.0 = Release|Any CPU
	EndGlobalSection
	GlobalSection(SolutionProperties) = preSolution
		HideSolutionNode = FALSE
	EndGlobalSection
	GlobalSection(ExtensibilityGlobals) = postSolution
		SolutionGuid = {0F52A1A8-9CCD-43F9-80D0-F802152AD107}
	EndGlobalSection
EndGlobal
